// !$*UTF8*$!
{
	archiveVersion = 1;
	classes = {
	};
	objectVersion = 46;
	objects = {

/* Begin PBXBuildFile section */
		BC6CD90A1D3E098300843386 /* AppDelegate.swift in Sources */ = {isa = PBXBuildFile; fileRef = BC6CD9091D3E098300843386 /* AppDelegate.swift */; };
		BC6CD90C1D3E098300843386 /* ViewController.swift in Sources */ = {isa = PBXBuildFile; fileRef = BC6CD90B1D3E098300843386 /* ViewController.swift */; };
		BC6CD90F1D3E098300843386 /* Main.storyboard in Resources */ = {isa = PBXBuildFile; fileRef = BC6CD90D1D3E098300843386 /* Main.storyboard */; };
		BC6CD9121D3E098300843386 /* NYNews.xcdatamodeld in Sources */ = {isa = PBXBuildFile; fileRef = BC6CD9101D3E098300843386 /* NYNews.xcdatamodeld */; };
		BC6CD9141D3E098300843386 /* Assets.xcassets in Resources */ = {isa = PBXBuildFile; fileRef = BC6CD9131D3E098300843386 /* Assets.xcassets */; };
		BC6CD9171D3E098300843386 /* LaunchScreen.storyboard in Resources */ = {isa = PBXBuildFile; fileRef = BC6CD9151D3E098300843386 /* LaunchScreen.storyboard */; };
/* End PBXBuildFile section */

/* Begin PBXFileReference section */
		BC6CD9061D3E098300843386 /* NYNews.app */ = {isa = PBXFileReference; explicitFileType = wrapper.application; includeInIndex = 0; path = NYNews.app; sourceTree = BUILT_PRODUCTS_DIR; };
		BC6CD9091D3E098300843386 /* AppDelegate.swift */ = {isa = PBXFileReference; lastKnownFileType = sourcecode.swift; path = AppDelegate.swift; sourceTree = "<group>"; };
		BC6CD90B1D3E098300843386 /* ViewController.swift */ = {isa = PBXFileReference; lastKnownFileType = sourcecode.swift; path = ViewController.swift; sourceTree = "<group>"; };
		BC6CD90E1D3E098300843386 /* Base */ = {isa = PBXFileReference; lastKnownFileType = file.storyboard; name = Base; path = Base.lproj/Main.storyboard; sourceTree = "<group>"; };
		BC6CD9111D3E098300843386 /* NYNews.xcdatamodel */ = {isa = PBXFileReference; lastKnownFileType = wrapper.xcdatamodel; path = NYNews.xcdatamodel; sourceTree = "<group>"; };
		BC6CD9131D3E098300843386 /* Assets.xcassets */ = {isa = PBXFileReference; lastKnownFileType = folder.assetcatalog; path = Assets.xcassets; sourceTree = "<group>"; };
		BC6CD9161D3E098300843386 /* Base */ = {isa = PBXFileReference; lastKnownFileType = file.storyboard; name = Base; path = Base.lproj/LaunchScreen.storyboard; sourceTree = "<group>"; };
		BC6CD9181D3E098300843386 /* Info.plist */ = {isa = PBXFileReference; lastKnownFileType = text.plist.xml; path = Info.plist; sourceTree = "<group>"; };
/* End PBXFileReference section */

/* Begin PBXFrameworksBuildPhase section */
		BC6CD9031D3E098300843386 /* Frameworks */ = {
			isa = PBXFrameworksBuildPhase;
			buildActionMask = 2147483647;
			files = (
			);
			runOnlyForDeploymentPostprocessing = 0;
		};
/* End PBXFrameworksBuildPhase section */

/* Begin PBXGroup section */
		BC6CD8FD1D3E098300843386 = {
			isa = PBXGroup;
			children = (
				BC6CD9081D3E098300843386 /* NYNews */,
				BC6CD9071D3E098300843386 /* Products */,
			);
			sourceTree = "<group>";
		};
		BC6CD9071D3E098300843386 /* Products */ = {
			isa = PBXGroup;
			children = (
				BC6CD9061D3E098300843386 /* NYNews.app */,
			);
			name = Products;
			sourceTree = "<group>";
		};
		BC6CD9081D3E098300843386 /* NYNews */ = {
			isa = PBXGroup;
			children = (
				BC6CD9091D3E098300843386 /* AppDelegate.swift */,
				BC6CD90B1D3E098300843386 /* ViewController.swift */,
				BC6CD90D1D3E098300843386 /* Main.storyboard */,
				BC6CD9131D3E098300843386 /* Assets.xcassets */,
				BC6CD9151D3E098300843386 /* LaunchScreen.storyboard */,
				BC6CD9181D3E098300843386 /* Info.plist */,
				BC6CD9101D3E098300843386 /* NYNews.xcdatamodeld */,
			);
			path = NYNews;
			sourceTree = "<group>";
		};
/* End PBXGroup section */

/* Begin PBXNativeTarget section */
		BC6CD9051D3E098300843386 /* NYNews */ = {
			isa = PBXNativeTarget;
			buildConfigurationList = BC6CD91B1D3E098300843386 /* Build configuration list for PBXNativeTarget "NYNews" */;
			buildPhases = (
				BC6CD9021D3E098300843386 /* Sources */,
				BC6CD9031D3E098300843386 /* Frameworks */,
				BC6CD9041D3E098300843386 /* Resources */,
			);
			buildRules = (
			);
			dependencies = (
			);
			name = NYNews;
			productName = NYNews;
			productReference = BC6CD9061D3E098300843386 /* NYNews.app */;
			productType = "com.apple.product-type.application";
		};
/* End PBXNativeTarget section */

/* Begin PBXProject section */
		BC6CD8FE1D3E098300843386 /* Project object */ = {
			isa = PBXProject;
			attributes = {
				LastSwiftUpdateCheck = 0730;
				LastUpgradeCheck = 0730;
				ORGANIZATIONNAME = 01ny;
				TargetAttributes = {
					BC6CD9051D3E098300843386 = {
						CreatedOnToolsVersion = 7.3.1;
						DevelopmentTeam = UFCM2756LW;
					};
				};
			};
			buildConfigurationList = BC6CD9011D3E098300843386 /* Build configuration list for PBXProject "NYNews" */;
			compatibilityVersion = "Xcode 3.2";
			developmentRegion = English;
			hasScannedForEncodings = 0;
			knownRegions = (
				en,
				Base,
			);
			mainGroup = BC6CD8FD1D3E098300843386;
			productRefGroup = BC6CD9071D3E098300843386 /* Products */;
			projectDirPath = "";
			projectRoot = "";
			targets = (
				BC6CD9051D3E098300843386 /* NYNews */,
			);
		};
/* End PBXProject section */

/* Begin PBXResourcesBuildPhase section */
		BC6CD9041D3E098300843386 /* Resources */ = {
			isa = PBXResourcesBuildPhase;
			buildActionMask = 2147483647;
			files = (
				BC6CD9171D3E098300843386 /* LaunchScreen.storyboard in Resources */,
				BC6CD9141D3E098300843386 /* Assets.xcassets in Resources */,
				BC6CD90F1D3E098300843386 /* Main.storyboard in Resources */,
			);
			runOnlyForDeploymentPostprocessing = 0;
		};
/* End PBXResourcesBuildPhase section */

/* Begin PBXSourcesBuildPhase section */
		BC6CD9021D3E098300843386 /* Sources */ = {
			isa = PBXSourcesBuildPhase;
			buildActionMask = 2147483647;
			files = (
				BC6CD9121D3E098300843386 /* NYNews.xcdatamodeld in Sources */,
				BC6CD90C1D3E098300843386 /* ViewController.swift in Sources */,
				BC6CD90A1D3E098300843386 /* AppDelegate.swift in Sources */,
			);
			runOnlyForDeploymentPostprocessing = 0;
		};
/* End PBXSourcesBuildPhase section */

/* Begin PBXVariantGroup section */
		BC6CD90D1D3E098300843386 /* Main.storyboard */ = {
			isa = PBXVariantGroup;
			children = (
				BC6CD90E1D3E098300843386 /* Base */,
			);
			name = Main.storyboard;
			sourceTree = "<group>";
		};
		BC6CD9151D3E098300843386 /* LaunchScreen.storyboard */ = {
			isa = PBXVariantGroup;
			children = (
				BC6CD9161D3E098300843386 /* Base */,
			);
			name = LaunchScreen.storyboard;
			sourceTree = "<group>";
		};
/* End PBXVariantGroup section */

/* Begin XCBuildConfiguration section */
		BC6CD9191D3E098300843386 /* Debug */ = {
			isa = XCBuildConfiguration;
			buildSettings = {
				ALWAYS_SEARCH_USER_PATHS = NO;
				CLANG_ANALYZER_NONNULL = YES;
				CLANG_CXX_LANGUAGE_STANDARD = "gnu++0x";
				CLANG_CXX_LIBRARY = "libc++";
				CLANG_ENABLE_MODULES = YES;
				CLANG_ENABLE_OBJC_ARC = YES;
				CLANG_WARN_BOOL_CONVERSION = YES;
				CLANG_WARN_CONSTANT_CONVERSION = YES;
				CLANG_WARN_DIRECT_OBJC_ISA_USAGE = YES_ERROR;
				CLANG_WARN_EMPTY_BODY = YES;
				CLANG_WARN_ENUM_CONVERSION = YES;
				CLANG_WARN_INT_CONVERSION = YES;
				CLANG_WARN_OBJC_ROOT_CLASS = YES_ERROR;
				CLANG_WARN_UNREACHABLE_CODE = YES;
				CLANG_WARN__DUPLICATE_METHOD_MATCH = YES;
				"CODE_SIGN_IDENTITY[sdk=iphoneos*]" = "iPhone Developer";
				COPY_PHASE_STRIP = NO;
				DEBUG_INFORMATION_FORMAT = dwarf;
				ENABLE_STRICT_OBJC_MSGSEND = YES;
				ENABLE_TESTABILITY = YES;
				GCC_C_LANGUAGE_STANDARD = gnu99;
				GCC_DYNAMIC_NO_PIC = NO;
				GCC_NO_COMMON_BLOCKS = YES;
				GCC_OPTIMIZATION_LEVEL = 0;
				GCC_PREPROCESSOR_DEFINITIONS = (
					"DEBUG=1",
					"$(inherited)",
				);
				GCC_WARN_64_TO_32_BIT_CONVERSION = YES;
				GCC_WARN_ABOUT_RETURN_TYPE = YES_ERROR;
				GCC_WARN_UNDECLARED_SELECTOR = YES;
				GCC_WARN_UNINITIALIZED_AUTOS = YES_AGGRESSIVE;
				GCC_WARN_UNUSED_FUNCTION = YES;
				GCC_WARN_UNUSED_VARIABLE = YES;
				IPHONEOS_DEPLOYMENT_TARGET = 9.3;
				MTL_ENABLE_DEBUG_INFO = YES;
				ONLY_ACTIVE_ARCH = YES;
				SDKROOT = iphoneos;
				SWIFT_OPTIMIZATION_LEVEL = "-Onone";
				TARGETED_DEVICE_FAMILY = "1,2";
			};
			name = Debug;
		};
		BC6CD91A1D3E098300843386 /* Release */ = {
			isa = XCBuildConfiguration;
			buildSettings = {
				ALWAYS_SEARCH_USER_PATHS = NO;
				CLANG_ANALYZER_NONNULL = YES;
				CLANG_CXX_LANGUAGE_STANDARD = "gnu++0x";
				CLANG_CXX_LIBRARY = "libc++";
				CLANG_ENABLE_MODULES = YES;
				CLANG_ENABLE_OBJC_ARC = YES;
				CLANG_WARN_BOOL_CONVERSION = YES;
				CLANG_WARN_CONSTANT_CONVERSION = YES;
				CLANG_WARN_DIRECT_OBJC_ISA_USAGE = YES_ERROR;
				CLANG_WARN_EMPTY_BODY = YES;
				CLANG_WARN_ENUM_CONVERSION = YES;
				CLANG_WARN_INT_CONVERSION = YES;
				CLANG_WARN_OBJC_ROOT_CLASS = YES_ERROR;
				CLANG_WARN_UNREACHABLE_CODE = YES;
				CLANG_WARN__DUPLICATE_METHOD_MATCH = YES;
				"CODE_SIGN_IDENTITY[sdk=iphoneos*]" = "iPhone Developer";
				COPY_PHASE_STRIP = NO;
				DEBUG_INFORMATION_FORMAT = "dwarf-with-dsym";
				ENABLE_NS_ASSERTIONS = NO;
				ENABLE_STRICT_OBJC_MSGSEND = YES;
				GCC_C_LANGUAGE_STANDARD = gnu99;
				GCC_NO_COMMON_BLOCKS = YES;
				GCC_WARN_64_TO_32_BIT_CONVERSION = YES;
				GCC_WARN_ABOUT_RETURN_TYPE = YES_ERROR;
				GCC_WARN_UNDECLARED_SELECTOR = YES;
				GCC_WARN_UNINITIALIZED_AUTOS = YES_AGGRESSIVE;
				GCC_WARN_UNUSED_FUNCTION = YES;
				GCC_WARN_UNUSED_VARIABLE = YES;
				IPHONEOS_DEPLOYMENT_TARGET = 9.3;
				MTL_ENABLE_DEBUG_INFO = NO;
				SDKROOT = iphoneos;
				TARGETED_DEVICE_FAMILY = "1,2";
				VALIDATE_PRODUCT = YES;
			};
			name = Release;
		};
		BC6CD91C1D3E098300843386 /* Debug */ = {
			isa = XCBuildConfiguration;
			buildSettings = {
				ASSETCATALOG_COMPILER_APPICON_NAME = AppIcon;
				INFOPLIST_FILE = NYNews/Info.plist;
				LD_RUNPATH_SEARCH_PATHS = "$(inherited) @executable_path/Frameworks";
				PRODUCT_BUNDLE_IDENTIFIER = cn.01ny.NYNews;
				PRODUCT_NAME = "$(TARGET_NAME)";
			};
			name = Debug;
		};
		BC6CD91D1D3E098300843386 /* Release */ = {
			isa = XCBuildConfiguration;
			buildSettings = {
				ASSETCATALOG_COMPILER_APPICON_NAME = AppIcon;
				INFOPLIST_FILE = NYNews/Info.plist;
				LD_RUNPATH_SEARCH_PATHS = "$(inherited) @executable_path/Frameworks";
				PRODUCT_BUNDLE_IDENTIFIER = cn.01ny.NYNews;
				PRODUCT_NAME = "$(TARGET_NAME)";
			};
			name = Release;
		};
/* End XCBuildConfiguration section */

/* Begin XCConfigurationList section */
		BC6CD9011D3E098300843386 /* Build configuration list for PBXProject "NYNews" */ = {
			isa = XCConfigurationList;
			buildConfigurations = (
				BC6CD9191D3E098300843386 /* Debug */,
				BC6CD91A1D3E098300843386 /* Release */,
			);
			defaultConfigurationIsVisible = 0;
			defaultConfigurationName = Release;
		};
		BC6CD91B1D3E098300843386 /* Build configuration list for PBXNativeTarget "NYNews" */ = {
			isa = XCConfigurationList;
			buildConfigurations = (
				BC6CD91C1D3E098300843386 /* Debug */,
				BC6CD91D1D3E098300843386 /* Release */,
			);
			defaultConfigurationIsVisible = 0;
		};
/* End XCConfigurationList section */

/* Begin XCVersionGroup section */
		BC6CD9101D3E098300843386 /* NYNews.xcdatamodeld */ = {
			isa = XCVersionGroup;
			children = (
				BC6CD9111D3E098300843386 /* NYNews.xcdatamodel */,
			);
			currentVersion = BC6CD9111D3E098300843386 /* NYNews.xcdatamodel */;
			path = NYNews.xcdatamodeld;
			sourceTree = "<group>";
			versionGroupType = wrapper.xcdatamodel;
		};
/* End XCVersionGroup section */
	};
	rootObject = BC6CD8FE1D3E098300843386 /* Project object */;
}
